
Microsoft Visual Studio Solution File, Format Version 12.00
# Visual Studio 15
VisualStudioVersion = 15.0.27004.2002
MinimumVisualStudioVersion = 10.0.40219.1
Project("{D954291E-2A0B-460D-934E-DC6B0785DB48}") = "TestDrive", "TestDrive\TestDrive\TestDrive.shproj", "{DFC045C9-4BBC-4026-9814-A453CB03F8AC}"
EndProject
Project("{FAE04EC0-301F-11D3-BF4B-00C04F79EFBC}") = "TestDrive.Android", "TestDrive\TestDrive.Android\TestDrive.Android.csproj", "{74D2D930-77D7-459B-AABD-C2CDD0C653E7}"
EndProject
Project("{FAE04EC0-301F-11D3-BF4B-00C04F79EFBC}") = "TestDrive.iOS", "TestDrive\TestDrive.iOS\TestDrive.iOS.csproj", "{59D6B712-B0CA-40F4-B7E1-71D4611FBFB0}"
EndProject
Project("{FAE04EC0-301F-11D3-BF4B-00C04F79EFBC}") = "TestDrive.UWP", "TestDrive\TestDrive.UWP\TestDrive.UWP.csproj", "{04651B9D-63E1-44EF-8FDC-D30E8080E44C}"
EndProject
Global
	GlobalSection(SharedMSBuildProjectFiles) = preSolution
		TestDrive\TestDrive\TestDrive.projitems*{04651b9d-63e1-44ef-8fdc-d30e8080e44c}*SharedItemsImports = 4
		TestDrive\TestDrive\TestDrive.projitems*{59d6b712-b0ca-40f4-b7e1-71d4611fbfb0}*SharedItemsImports = 4
		TestDrive\TestDrive\TestDrive.projitems*{74d2d930-77d7-459b-aabd-c2cdd0c653e7}*SharedItemsImports = 4
		TestDrive\TestDrive\TestDrive.projitems*{dfc045c9-4bbc-4026-9814-a453cb03f8ac}*SharedItemsImports = 13
	EndGlobalSection
	GlobalSection(SolutionConfigurationPlatforms) = preSolution
		Ad-Hoc|Any CPU = Ad-Hoc|Any CPU
		Ad-Hoc|ARM = Ad-Hoc|ARM
		Ad-Hoc|iPhone = Ad-Hoc|iPhone
		Ad-Hoc|iPhoneSimulator = Ad-Hoc|iPhoneSimulator
		Ad-Hoc|x64 = Ad-Hoc|x64
		Ad-Hoc|x86 = Ad-Hoc|x86
		AppStore|Any CPU = AppStore|Any CPU
		AppStore|ARM = AppStore|ARM
		AppStore|iPhone = AppStore|iPhone
		AppStore|iPhoneSimulator = AppStore|iPhoneSimulator
		AppStore|x64 = AppStore|x64
		AppStore|x86 = AppStore|x86
		Debug|Any CPU = Debug|Any CPU
		Debug|ARM = Debug|ARM
		Debug|iPhone = Debug|iPhone
		Debug|iPhoneSimulator = Debug|iPhoneSimulator
		Debug|x64 = Debug|x64
		Debug|x86 = Debug|x86
		Release|Any CPU = Release|Any CPU
		Release|ARM = Release|ARM
		Release|iPhone = Release|iPhone
		Release|iPhoneSimulator = Release|iPhoneSimulator
		Release|x64 = Release|x64
		Release|x86 = Release|x86
	EndGlobalSection
	GlobalSection(ProjectConfigurationPlatforms) = postSolution
		{74D2D930-77D7-459B-AABD-C2CDD0C653E7}.Ad-Hoc|Any CPU.ActiveCfg = Release|Any CPU
		{74D2D930-77D7-459B-AABD-C2CDD0C653E7}.Ad-Hoc|Any CPU.Build.0 = Release|Any CPU
		{74D2D930-77D7-459B-AABD-C2CDD0C653E7}.Ad-Hoc|Any CPU.Deploy.0 = Release|Any CPU
		{74D2D930-77D7-459B-AABD-C2CDD0C653E7}.Ad-Hoc|ARM.ActiveCfg = Release|Any CPU
		{74D2D930-77D7-459B-AABD-C2CDD0C653E7}.Ad-Hoc|ARM.Build.0 = Release|Any CPU
		{74D2D930-77D7-459B-AABD-C2CDD0C653E7}.Ad-Hoc|ARM.Deploy.0 = Release|Any CPU
		{74D2D930-77D7-459B-AABD-C2CDD0C653E7}.Ad-Hoc|iPhone.ActiveCfg = Release|Any CPU
		{74D2D930-77D7-459B-AABD-C2CDD0C653E7}.Ad-Hoc|iPhone.Build.0 = Release|Any CPU
		{74D2D930-77D7-459B-AABD-C2CDD0C653E7}.Ad-Hoc|iPhone.Deploy.0 = Release|Any CPU
		{74D2D930-77D7-459B-AABD-C2CDD0C653E7}.Ad-Hoc|iPhoneSimulator.ActiveCfg = Release|Any CPU
		{74D2D930-77D7-459B-AABD-C2CDD0C653E7}.Ad-Hoc|iPhoneSimulator.Build.0 = Release|Any CPU
		{74D2D930-77D7-459B-AABD-C2CDD0C653E7}.Ad-Hoc|iPhoneSimulator.Deploy.0 = Release|Any CPU
		{74D2D930-77D7-459B-AABD-C2CDD0C653E7}.Ad-Hoc|x64.ActiveCfg = Release|Any CPU
		{74D2D930-77D7-459B-AABD-C2CDD0C653E7}.Ad-Hoc|x64.Build.0 = Release|Any CPU
		{74D2D930-77D7-459B-AABD-C2CDD0C653E7}.Ad-Hoc|x64.Deploy.0 = Release|Any CPU
		{74D2D930-77D7-459B-AABD-C2CDD0C653E7}.Ad-Hoc|x86.ActiveCfg = Release|Any CPU
		{74D2D930-77D7-459B-AABD-C2CDD0C653E7}.Ad-Hoc|x86.Build.0 = Release|Any CPU
		{74D2D930-77D7-459B-AABD-C2CDD0C653E7}.Ad-Hoc|x86.Deploy.0 = Release|Any CPU
		{74D2D930-77D7-459B-AABD-C2CDD0C653E7}.AppStore|Any CPU.ActiveCfg = Release|Any CPU
		{74D2D930-77D7-459B-AABD-C2CDD0C653E7}.AppStore|Any CPU.Build.0 = Release|Any CPU
		{74D2D930-77D7-459B-AABD-C2CDD0C653E7}.AppStore|Any CPU.Deploy.0 = Release|Any CPU
		{74D2D930-77D7-459B-AABD-C2CDD0C653E7}.AppStore|ARM.ActiveCfg = Release|Any CPU
		{74D2D930-77D7-459B-AABD-C2CDD0C653E7}.AppStore|ARM.Build.0 = Release|Any CPU
		{74D2D930-77D7-459B-AABD-C2CDD0C653E7}.AppStore|ARM.Deploy.0 = Release|Any CPU
		{74D2D930-77D7-459B-AABD-C2CDD0C653E7}.AppStore|iPhone.ActiveCfg = Release|Any CPU
		{74D2D930-77D7-459B-AABD-C2CDD0C653E7}.AppStore|iPhone.Build.0 = Release|Any CPU
		{74D2D930-77D7-459B-AABD-C2CDD0C653E7}.AppStore|iPhone.Deploy.0 = Release|Any CPU
		{74D2D930-77D7-459B-AABD-C2CDD0C653E7}.AppStore|iPhoneSimulator.ActiveCfg = Release|Any CPU
		{74D2D930-77D7-459B-AABD-C2CDD0C653E7}.AppStore|iPhoneSimulator.Build.0 = Release|Any CPU
		{74D2D930-77D7-459B-AABD-C2CDD0C653E7}.AppStore|iPhoneSimulator.Deploy.0 = Release|Any CPU
		{74D2D930-77D7-459B-AABD-C2CDD0C653E7}.AppStore|x64.ActiveCfg = Release|Any CPU
		{74D2D930-77D7-459B-AABD-C2CDD0C653E7}.AppStore|x64.Build.0 = Release|Any CPU
		{74D2D930-77D7-459B-AABD-C2CDD0C653E7}.AppStore|x64.Deploy.0 = Release|Any CPU
		{74D2D930-77D7-459B-AABD-C2CDD0C653E7}.AppStore|x86.ActiveCfg = Release|Any CPU
		{74D2D930-77D7-459B-AABD-C2CDD0C653E7}.AppStore|x86.Build.0 = Release|Any CPU
		{74D2D930-77D7-459B-AABD-C2CDD0C653E7}.AppStore|x86.Deploy.0 = Release|Any CPU
		{74D2D930-77D7-459B-AABD-C2CDD0C653E7}.Debug|Any CPU.ActiveCfg = Debug|Any CPU
		{74D2D930-77D7-459B-AABD-C2CDD0C653E7}.Debug|Any CPU.Build.0 = Debug|Any CPU
		{74D2D930-77D7-459B-AABD-C2CDD0C653E7}.Debug|Any CPU.Deploy.0 = Debug|Any CPU
		{74D2D930-77D7-459B-AABD-C2CDD0C653E7}.Debug|ARM.ActiveCfg = Debug|Any CPU
		{74D2D930-77D7-459B-AABD-C2CDD0C653E7}.Debug|ARM.Build.0 = Debug|Any CPU
		{74D2D930-77D7-459B-AABD-C2CDD0C653E7}.Debug|ARM.Deploy.0 = Debug|Any CPU
		{74D2D930-77D7-459B-AABD-C2CDD0C653E7}.Debug|iPhone.ActiveCfg = Debug|Any CPU
		{74D2D930-77D7-459B-AABD-C2CDD0C653E7}.Debug|iPhone.Build.0 = Debug|Any CPU
		{74D2D930-77D7-459B-AABD-C2CDD0C653E7}.Debug|iPhone.Deploy.0 = Debug|Any CPU
		{74D2D930-77D7-459B-AABD-C2CDD0C653E7}.Debug|iPhoneSimulator.ActiveCfg = Debug|Any CPU
		{74D2D930-77D7-459B-AABD-C2CDD0C653E7}.Debug|x64.ActiveCfg = Debug|Any CPU
		{74D2D930-77D7-459B-AABD-C2CDD0C653E7}.Debug|x64.Build.0 = Debug|Any CPU
		{74D2D930-77D7-459B-AABD-C2CDD0C653E7}.Debug|x64.Deploy.0 = Debug|Any CPU
		{74D2D930-77D7-459B-AABD-C2CDD0C653E7}.Debug|x86.ActiveCfg = Debug|Any CPU
		{74D2D930-77D7-459B-AABD-C2CDD0C653E7}.Debug|x86.Build.0 = Debug|Any CPU
		{74D2D930-77D7-459B-AABD-C2CDD0C653E7}.Debug|x86.Deploy.0 = Debug|Any CPU
		{74D2D930-77D7-459B-AABD-C2CDD0C653E7}.Release|Any CPU.ActiveCfg = Release|Any CPU
		{74D2D930-77D7-459B-AABD-C2CDD0C653E7}.Release|Any CPU.Build.0 = Release|Any CPU
		{74D2D930-77D7-459B-AABD-C2CDD0C653E7}.Release|Any CPU.Deploy.0 = Release|Any CPU
		{74D2D930-77D7-459B-AABD-C2CDD0C653E7}.Release|ARM.ActiveCfg = Release|Any CPU
		{74D2D930-77D7-459B-AABD-C2CDD0C653E7}.Release|ARM.Build.0 = Release|Any CPU
		{74D2D930-77D7-459B-AABD-C2CDD0C653E7}.Release|ARM.Deploy.0 = Release|Any CPU
		{74D2D930-77D7-459B-AABD-C2CDD0C653E7}.Release|iPhone.ActiveCfg = Release|Any CPU
		{74D2D930-77D7-459B-AABD-C2CDD0C653E7}.Release|iPhone.Build.0 = Release|Any CPU
		{74D2D930-77D7-459B-AABD-C2CDD0C653E7}.Release|iPhone.Deploy.0 = Release|Any CPU
		{74D2D930-77D7-459B-AABD-C2CDD0C653E7}.Release|iPhoneSimulator.ActiveCfg = Release|Any CPU
		{74D2D930-77D7-459B-AABD-C2CDD0C653E7}.Release|iPhoneSimulator.Build.0 = Release|Any CPU
		{74D2D930-77D7-459B-AABD-C2CDD0C653E7}.Release|iPhoneSimulator.Deploy.0 = Release|Any CPU
		{74D2D930-77D7-459B-AABD-C2CDD0C653E7}.Release|x64.ActiveCfg = Release|Any CPU
		{74D2D930-77D7-459B-AABD-C2CDD0C653E7}.Release|x64.Build.0 = Release|Any CPU
		{74D2D930-77D7-459B-AABD-C2CDD0C653E7}.Release|x64.Deploy.0 = Release|Any CPU
		{74D2D930-77D7-459B-AABD-C2CDD0C653E7}.Release|x86.ActiveCfg = Release|Any CPU
		{74D2D930-77D7-459B-AABD-C2CDD0C653E7}.Release|x86.Build.0 = Release|Any CPU
		{74D2D930-77D7-459B-AABD-C2CDD0C653E7}.Release|x86.Deploy.0 = Release|Any CPU
		{59D6B712-B0CA-40F4-B7E1-71D4611FBFB0}.Ad-Hoc|Any CPU.ActiveCfg = Ad-Hoc|iPhone
		{59D6B712-B0CA-40F4-B7E1-71D4611FBFB0}.Ad-Hoc|ARM.ActiveCfg = Ad-Hoc|iPhone
		{59D6B712-B0CA-40F4-B7E1-71D4611FBFB0}.Ad-Hoc|iPhone.ActiveCfg = Ad-Hoc|iPhone
		{59D6B712-B0CA-40F4-B7E1-71D4611FBFB0}.Ad-Hoc|iPhone.Build.0 = Ad-Hoc|iPhone
		{59D6B712-B0CA-40F4-B7E1-71D4611FBFB0}.Ad-Hoc|iPhoneSimulator.ActiveCfg = Ad-Hoc|iPhoneSimulator
		{59D6B712-B0CA-40F4-B7E1-71D4611FBFB0}.Ad-Hoc|iPhoneSimulator.Build.0 = Ad-Hoc|iPhoneSimulator
		{59D6B712-B0CA-40F4-B7E1-71D4611FBFB0}.Ad-Hoc|x64.ActiveCfg = Ad-Hoc|iPhone
		{59D6B712-B0CA-40F4-B7E1-71D4611FBFB0}.Ad-Hoc|x86.ActiveCfg = Ad-Hoc|iPhone
		{59D6B712-B0CA-40F4-B7E1-71D4611FBFB0}.AppStore|Any CPU.ActiveCfg = AppStore|iPhone
		{59D6B712-B0CA-40F4-B7E1-71D4611FBFB0}.AppStore|ARM.ActiveCfg = AppStore|iPhone
		{59D6B712-B0CA-40F4-B7E1-71D4611FBFB0}.AppStore|iPhone.ActiveCfg = AppStore|iPhone
		{59D6B712-B0CA-40F4-B7E1-71D4611FBFB0}.AppStore|iPhone.Build.0 = AppStore|iPhone
		{59D6B712-B0CA-40F4-B7E1-71D4611FBFB0}.AppStore|iPhoneSimulator.ActiveCfg = AppStore|iPhoneSimulator
		{59D6B712-B0CA-40F4-B7E1-71D4611FBFB0}.AppStore|iPhoneSimulator.Build.0 = AppStore|iPhoneSimulator
		{59D6B712-B0CA-40F4-B7E1-71D4611FBFB0}.AppStore|x64.ActiveCfg = AppStore|iPhone
		{59D6B712-B0CA-40F4-B7E1-71D4611FBFB0}.AppStore|x86.ActiveCfg = AppStore|iPhone
		{59D6B712-B0CA-40F4-B7E1-71D4611FBFB0}.Debug|Any CPU.ActiveCfg = Debug|iPhone
		{59D6B712-B0CA-40F4-B7E1-71D4611FBFB0}.Debug|ARM.ActiveCfg = Debug|iPhone
		{59D6B712-B0CA-40F4-B7E1-71D4611FBFB0}.Debug|iPhone.ActiveCfg = Debug|iPhone
		{59D6B712-B0CA-40F4-B7E1-71D4611FBFB0}.Debug|iPhone.Build.0 = Debug|iPhone
		{59D6B712-B0CA-40F4-B7E1-71D4611FBFB0}.Debug|iPhoneSimulator.ActiveCfg = Debug|iPhoneSimulator
		{59D6B712-B0CA-40F4-B7E1-71D4611FBFB0}.Debug|iPhoneSimulator.Build.0 = Debug|iPhoneSimulator
		{59D6B712-B0CA-40F4-B7E1-71D4611FBFB0}.Debug|x64.ActiveCfg = Debug|iPhone
		{59D6B712-B0CA-40F4-B7E1-71D4611FBFB0}.Debug|x86.ActiveCfg = Debug|iPhone
		{59D6B712-B0CA-40F4-B7E1-71D4611FBFB0}.Release|Any CPU.ActiveCfg = Release|iPhone
		{59D6B712-B0CA-40F4-B7E1-71D4611FBFB0}.Release|ARM.ActiveCfg = Release|iPhone
		{59D6B712-B0CA-40F4-B7E1-71D4611FBFB0}.Release|iPhone.ActiveCfg = Release|iPhone
		{59D6B712-B0CA-40F4-B7E1-71D4611FBFB0}.Release|iPhone.Build.0 = Release|iPhone
		{59D6B712-B0CA-40F4-B7E1-71D4611FBFB0}.Release|iPhoneSimulator.ActiveCfg = Release|iPhoneSimulator
		{59D6B712-B0CA-40F4-B7E1-71D4611FBFB0}.Release|iPhoneSimulator.Build.0 = Release|iPhoneSimulator
		{59D6B712-B0CA-40F4-B7E1-71D4611FBFB0}.Release|x64.ActiveCfg = Release|iPhone
		{59D6B712-B0CA-40F4-B7E1-71D4611FBFB0}.Release|x86.ActiveCfg = Release|iPhone
		{04651B9D-63E1-44EF-8FDC-D30E8080E44C}.Ad-Hoc|Any CPU.ActiveCfg = Release|x86
		{04651B9D-63E1-44EF-8FDC-D30E8080E44C}.Ad-Hoc|Any CPU.Build.0 = Release|x86
		{04651B9D-63E1-44EF-8FDC-D30E8080E44C}.Ad-Hoc|Any CPU.Deploy.0 = Release|x86
		{04651B9D-63E1-44EF-8FDC-D30E8080E44C}.Ad-Hoc|ARM.ActiveCfg = Release|ARM
		{04651B9D-63E1-44EF-8FDC-D30E8080E44C}.Ad-Hoc|ARM.Build.0 = Release|ARM
		{04651B9D-63E1-44EF-8FDC-D30E8080E44C}.Ad-Hoc|ARM.Deploy.0 = Release|ARM
		{04651B9D-63E1-44EF-8FDC-D30E8080E44C}.Ad-Hoc|iPhone.ActiveCfg = Release|x86
		{04651B9D-63E1-44EF-8FDC-D30E8080E44C}.Ad-Hoc|iPhone.Build.0 = Release|x86
		{04651B9D-63E1-44EF-8FDC-D30E8080E44C}.Ad-Hoc|iPhone.Deploy.0 = Release|x86
		{04651B9D-63E1-44EF-8FDC-D30E8080E44C}.Ad-Hoc|iPhoneSimulator.ActiveCfg = Release|x86
		{04651B9D-63E1-44EF-8FDC-D30E8080E44C}.Ad-Hoc|iPhoneSimulator.Build.0 = Release|x86
		{04651B9D-63E1-44EF-8FDC-D30E8080E44C}.Ad-Hoc|iPhoneSimulator.Deploy.0 = Release|x86
		{04651B9D-63E1-44EF-8FDC-D30E8080E44C}.Ad-Hoc|x64.ActiveCfg = Release|x64
		{04651B9D-63E1-44EF-8FDC-D30E8080E44C}.Ad-Hoc|x64.Build.0 = Release|x64
		{04651B9D-63E1-44EF-8FDC-D30E8080E44C}.Ad-Hoc|x64.Deploy.0 = Release|x64
		{04651B9D-63E1-44EF-8FDC-D30E8080E44C}.Ad-Hoc|x86.ActiveCfg = Release|x86
		{04651B9D-63E1-44EF-8FDC-D30E8080E44C}.Ad-Hoc|x86.Build.0 = Release|x86
		{04651B9D-63E1-44EF-8FDC-D30E8080E44C}.Ad-Hoc|x86.Deploy.0 = Release|x86
		{04651B9D-63E1-44EF-8FDC-D30E8080E44C}.AppStore|Any CPU.ActiveCfg = Release|x86
		{04651B9D-63E1-44EF-8FDC-D30E8080E44C}.AppStore|Any CPU.Build.0 = Release|x86
		{04651B9D-63E1-44EF-8FDC-D30E8080E44C}.AppStore|Any CPU.Deploy.0 = Release|x86
		{04651B9D-63E1-44EF-8FDC-D30E8080E44C}.AppStore|ARM.ActiveCfg = Release|ARM
		{04651B9D-63E1-44EF-8FDC-D30E8080E44C}.AppStore|ARM.Build.0 = Release|ARM
		{04651B9D-63E1-44EF-8FDC-D30E8080E44C}.AppStore|ARM.Deploy.0 = Release|ARM
		{04651B9D-63E1-44EF-8FDC-D30E8080E44C}.AppStore|iPhone.ActiveCfg = Release|x86
		{04651B9D-63E1-44EF-8FDC-D30E8080E44C}.AppStore|iPhone.Build.0 = Release|x86
		{04651B9D-63E1-44EF-8FDC-D30E8080E44C}.AppStore|iPhone.Deploy.0 = Release|x86
		{04651B9D-63E1-44EF-8FDC-D30E8080E44C}.AppStore|iPhoneSimulator.ActiveCfg = Release|x86
		{04651B9D-63E1-44EF-8FDC-D30E8080E44C}.AppStore|iPhoneSimulator.Build.0 = Release|x86
		{04651B9D-63E1-44EF-8FDC-D30E8080E44C}.AppStore|iPhoneSimulator.Deploy.0 = Release|x86
		{04651B9D-63E1-44EF-8FDC-D30E8080E44C}.AppStore|x64.ActiveCfg = Release|x64
		{04651B9D-63E1-44EF-8FDC-D30E8080E44C}.AppStore|x64.Build.0 = Release|x64
		{04651B9D-63E1-44EF-8FDC-D30E8080E44C}.AppStore|x64.Deploy.0 = Release|x64
		{04651B9D-63E1-44EF-8FDC-D30E8080E44C}.AppStore|x86.ActiveCfg = Release|x86
		{04651B9D-63E1-44EF-8FDC-D30E8080E44C}.AppStore|x86.Build.0 = Release|x86
		{04651B9D-63E1-44EF-8FDC-D30E8080E44C}.AppStore|x86.Deploy.0 = Release|x86
		{04651B9D-63E1-44EF-8FDC-D30E8080E44C}.Debug|Any CPU.ActiveCfg = Debug|x86
		{04651B9D-63E1-44EF-8FDC-D30E8080E44C}.Debug|ARM.ActiveCfg = Debug|ARM
		{04651B9D-63E1-44EF-8FDC-D30E8080E44C}.Debug|ARM.Build.0 = Debug|ARM
		{04651B9D-63E1-44EF-8FDC-D30E8080E44C}.Debug|ARM.Deploy.0 = Debug|ARM
		{04651B9D-63E1-44EF-8FDC-D30E8080E44C}.Debug|iPhone.ActiveCfg = Debug|x86
		{04651B9D-63E1-44EF-8FDC-D30E8080E44C}.Debug|iPhoneSimulator.ActiveCfg = Debug|x86
		{04651B9D-63E1-44EF-8FDC-D30E8080E44C}.Debug|x64.ActiveCfg = Debug|x64
		{04651B9D-63E1-44EF-8FDC-D30E8080E44C}.Debug|x64.Build.0 = Debug|x64
		{04651B9D-63E1-44EF-8FDC-D30E8080E44C}.Debug|x64.Deploy.0 = Debug|x64
		{04651B9D-63E1-44EF-8FDC-D30E8080E44C}.Debug|x86.ActiveCfg = Debug|x86
		{04651B9D-63E1-44EF-8FDC-D30E8080E44C}.Release|Any CPU.ActiveCfg = Release|x86
		{04651B9D-63E1-44EF-8FDC-D30E8080E44C}.Release|ARM.ActiveCfg = Release|ARM
		{04651B9D-63E1-44EF-8FDC-D30E8080E44C}.Release|ARM.Build.0 = Release|ARM
		{04651B9D-63E1-44EF-8FDC-D30E8080E44C}.Release|ARM.Deploy.0 = Release|ARM
		{04651B9D-63E1-44EF-8FDC-D30E8080E44C}.Release|iPhone.ActiveCfg = Release|x86
		{04651B9D-63E1-44EF-8FDC-D30E8080E44C}.Release|iPhoneSimulator.ActiveCfg = Release|x86
		{04651B9D-63E1-44EF-8FDC-D30E8080E44C}.Release|x64.ActiveCfg = Release|x64
		{04651B9D-63E1-44EF-8FDC-D30E8080E44C}.Release|x64.Build.0 = Release|x64
		{04651B9D-63E1-44EF-8FDC-D30E8080E44C}.Release|x64.Deploy.0 = Release|x64
		{04651B9D-63E1-44EF-8FDC-D30E8080E44C}.Release|x86.ActiveCfg = Release|x86
		{04651B9D-63E1-44EF-8FDC-D30E8080E44C}.Release|x86.Build.0 = Release|x86
		{04651B9D-63E1-44EF-8FDC-D30E8080E44C}.Release|x86.Deploy.0 = Release|x86
	EndGlobalSection
	GlobalSection(SolutionProperties) = preSolution
		HideSolutionNode = FALSE
	EndGlobalSection
	GlobalSection(ExtensibilityGlobals) = postSolution
		SolutionGuid = {68535530-DFE1-4B50-969B-733C071698C0}
	EndGlobalSection
EndGlobal
